
Microsoft Visual Studio Solution File, Format Version 12.00
# Visual Studio Version 16
VisualStudioVersion = 16.0.30011.22
MinimumVisualStudioVersion = 10.0.40219.1
Project("{FAE04EC0-301F-11D3-BF4B-00C04F79EFBC}") = "ContactApps", "ContactApps\ContactApps.csproj", "{03A812F3-D289-411E-85C5-B23A5F152218}"
EndProject
Global
	GlobalSection(SolutionConfigurationPlatforms) = preSolution
		Debug|Any CPU = Debug|Any CPU
		Release|Any CPU = Release|Any CPU
	EndGlobalSection
	GlobalSection(ProjectConfigurationPlatforms) = postSolution
		{03A812F3-D289-411E-85C5-B23A5F152218}.Debug|Any CPU.ActiveCfg = Debug|Any CPU
		{03A812F3-D289-411E-85C5-B23A5F152218}.Debug|Any CPU.Build.0 = Debug|Any CPU
		{03A812F3-D289-411E-85C5-B23A5F152218}.Release|Any CPU.ActiveCfg = Release|Any CPU
		{03A812F3-D289-411E-85C5-B23A5F152218}.Release|Any CPU.Build.0 = Release|Any CPU
	EndGlobalSection
	GlobalSection(SolutionProperties) = preSolution
		HideSolutionNode = FALSE
	EndGlobalSection
	GlobalSection(ExtensibilityGlobals) = postSolution
		SolutionGuid = {7DC054AF-FE57-404C-A305-1BB0E80D6CB2}
	EndGlobalSection
EndGlobal
